
Microsoft Visual Studio Solution File, Format Version 12.00
# Visual Studio Version 16
VisualStudioVersion = 16.0.30204.135
MinimumVisualStudioVersion = 10.0.40219.1
Project("{FAE04EC0-301F-11D3-BF4B-00C04F79EFBC}") = "Auto.ConsoleApp", "Auto.ConsoleApp\Auto.ConsoleApp.csproj", "{C1C1DAB0-60AC-4EAD-A83E-41E68E6B3F13}"
EndProject
Project("{FAE04EC0-301F-11D3-BF4B-00C04F79EFBC}") = "Auto.Common", "Auto.Common\Auto.Common.csproj", "{24EC934C-CD2E-47D2-9BCF-DB31BD90F426}"
EndProject
Project("{FAE04EC0-301F-11D3-BF4B-00C04F79EFBC}") = "Auto.Plugins", "Auto.Plugins\Auto.Plugins.csproj", "{AC2A4471-760C-48CB-A939-4F979064CE9E}"
EndProject
Project("{FAE04EC0-301F-11D3-BF4B-00C04F79EFBC}") = "Auto.Workflows", "Auto.Workflows\Auto.Workflows.csproj", "{4AB6EF55-32B8-46BF-A4DE-5DA38F48DDA8}"
EndProject
Global
	GlobalSection(SolutionConfigurationPlatforms) = preSolution
		Debug|Any CPU = Debug|Any CPU
		Release|Any CPU = Release|Any CPU
	EndGlobalSection
	GlobalSection(ProjectConfigurationPlatforms) = postSolution
		{C1C1DAB0-60AC-4EAD-A83E-41E68E6B3F13}.Debug|Any CPU.ActiveCfg = Debug|Any CPU
		{C1C1DAB0-60AC-4EAD-A83E-41E68E6B3F13}.Debug|Any CPU.Build.0 = Debug|Any CPU
		{C1C1DAB0-60AC-4EAD-A83E-41E68E6B3F13}.Release|Any CPU.ActiveCfg = Release|Any CPU
		{C1C1DAB0-60AC-4EAD-A83E-41E68E6B3F13}.Release|Any CPU.Build.0 = Release|Any CPU
		{24EC934C-CD2E-47D2-9BCF-DB31BD90F426}.Debug|Any CPU.ActiveCfg = Debug|Any CPU
		{24EC934C-CD2E-47D2-9BCF-DB31BD90F426}.Debug|Any CPU.Build.0 = Debug|Any CPU
		{24EC934C-CD2E-47D2-9BCF-DB31BD90F426}.Release|Any CPU.ActiveCfg = Release|Any CPU
		{24EC934C-CD2E-47D2-9BCF-DB31BD90F426}.Release|Any CPU.Build.0 = Release|Any CPU
		{AC2A4471-760C-48CB-A939-4F979064CE9E}.Debug|Any CPU.ActiveCfg = Debug|Any CPU
		{AC2A4471-760C-48CB-A939-4F979064CE9E}.Debug|Any CPU.Build.0 = Debug|Any CPU
		{AC2A4471-760C-48CB-A939-4F979064CE9E}.Release|Any CPU.ActiveCfg = Release|Any CPU
		{AC2A4471-760C-48CB-A939-4F979064CE9E}.Release|Any CPU.Build.0 = Release|Any CPU
		{4AB6EF55-32B8-46BF-A4DE-5DA38F48DDA8}.Debug|Any CPU.ActiveCfg = Debug|Any CPU
		{4AB6EF55-32B8-46BF-A4DE-5DA38F48DDA8}.Debug|Any CPU.Build.0 = Debug|Any CPU
		{4AB6EF55-32B8-46BF-A4DE-5DA38F48DDA8}.Release|Any CPU.ActiveCfg = Release|Any CPU
		{4AB6EF55-32B8-46BF-A4DE-5DA38F48DDA8}.Release|Any CPU.Build.0 = Release|Any CPU
	EndGlobalSection
	GlobalSection(SolutionProperties) = preSolution
		HideSolutionNode = FALSE
	EndGlobalSection
	GlobalSection(ExtensibilityGlobals) = postSolution
		SolutionGuid = {86FDFAA7-E9FD-4162-AEF2-648C05C7AFC8}
	EndGlobalSection
EndGlobal
